
Microsoft Visual Studio Solution File, Format Version 12.00
# Visual Studio 14
VisualStudioVersion = 14.0.25420.1
MinimumVisualStudioVersion = 10.0.40219.1
Project("{FAE04EC0-301F-11D3-BF4B-00C04F79EFBC}") = "Sequences", "Sequences\Sequences.csproj", "{329F0542-580A-4F36-B0A7-A0C8BD83CAF7}"
EndProject
Project("{FAE04EC0-301F-11D3-BF4B-00C04F79EFBC}") = "SequencesTests", "SequencesTests\SequencesTests.csproj", "{FD18EFE7-B893-4FD6-9D02-97C213A340BE}"
EndProject
Global
	GlobalSection(SolutionConfigurationPlatforms) = preSolution
		Debug|Any CPU = Debug|Any CPU
		Release|Any CPU = Release|Any CPU
	EndGlobalSection
	GlobalSection(ProjectConfigurationPlatforms) = postSolution
		{329F0542-580A-4F36-B0A7-A0C8BD83CAF7}.Debug|Any CPU.ActiveCfg = Debug|Any CPU
		{329F0542-580A-4F36-B0A7-A0C8BD83CAF7}.Debug|Any CPU.Build.0 = Debug|Any CPU
		{329F0542-580A-4F36-B0A7-A0C8BD83CAF7}.Release|Any CPU.ActiveCfg = Release|Any CPU
		{329F0542-580A-4F36-B0A7-A0C8BD83CAF7}.Release|Any CPU.Build.0 = Release|Any CPU
		{FD18EFE7-B893-4FD6-9D02-97C213A340BE}.Debug|Any CPU.ActiveCfg = Debug|Any CPU
		{FD18EFE7-B893-4FD6-9D02-97C213A340BE}.Debug|Any CPU.Build.0 = Debug|Any CPU
		{FD18EFE7-B893-4FD6-9D02-97C213A340BE}.Release|Any CPU.ActiveCfg = Release|Any CPU
		{FD18EFE7-B893-4FD6-9D02-97C213A340BE}.Release|Any CPU.Build.0 = Release|Any CPU
	EndGlobalSection
	GlobalSection(SolutionProperties) = preSolution
		HideSolutionNode = FALSE
	EndGlobalSection
EndGlobal
